
Microsoft Visual Studio Solution File, Format Version 12.00
# Visual Studio Version 16
VisualStudioVersion = 16.0.31229.75
MinimumVisualStudioVersion = 10.0.40219.1
Project("{FAE04EC0-301F-11D3-BF4B-00C04F79EFBC}") = "PicoPlaca", "PicoPlaca\PicoPlaca.csproj", "{C6120C38-C983-4AD7-9430-4A8D83BB88A0}"
EndProject
Project("{FAE04EC0-301F-11D3-BF4B-00C04F79EFBC}") = "PicoPlacaTest", "PicoPlacaTest\PicoPlacaTest.csproj", "{C88DBC09-849D-4174-9FCE-486CF3E44324}"
EndProject
Global
	GlobalSection(SolutionConfigurationPlatforms) = preSolution
		Debug|Any CPU = Debug|Any CPU
		Release|Any CPU = Release|Any CPU
	EndGlobalSection
	GlobalSection(ProjectConfigurationPlatforms) = postSolution
		{C6120C38-C983-4AD7-9430-4A8D83BB88A0}.Debug|Any CPU.ActiveCfg = Debug|Any CPU
		{C6120C38-C983-4AD7-9430-4A8D83BB88A0}.Debug|Any CPU.Build.0 = Debug|Any CPU
		{C6120C38-C983-4AD7-9430-4A8D83BB88A0}.Release|Any CPU.ActiveCfg = Release|Any CPU
		{C6120C38-C983-4AD7-9430-4A8D83BB88A0}.Release|Any CPU.Build.0 = Release|Any CPU
		{C88DBC09-849D-4174-9FCE-486CF3E44324}.Debug|Any CPU.ActiveCfg = Debug|Any CPU
		{C88DBC09-849D-4174-9FCE-486CF3E44324}.Debug|Any CPU.Build.0 = Debug|Any CPU
		{C88DBC09-849D-4174-9FCE-486CF3E44324}.Release|Any CPU.ActiveCfg = Release|Any CPU
		{C88DBC09-849D-4174-9FCE-486CF3E44324}.Release|Any CPU.Build.0 = Release|Any CPU
	EndGlobalSection
	GlobalSection(SolutionProperties) = preSolution
		HideSolutionNode = FALSE
	EndGlobalSection
	GlobalSection(ExtensibilityGlobals) = postSolution
		SolutionGuid = {9FDC9312-766E-425B-A51E-B220128C504D}
	EndGlobalSection
EndGlobal
